
Microsoft Visual Studio Solution File, Format Version 12.00
# Visual Studio Version 17
VisualStudioVersion = 17.4.33110.190
MinimumVisualStudioVersion = 10.0.40219.1
Project("{FAE04EC0-301F-11D3-BF4B-00C04F79EFBC}") = "CalculatorAPI", "CalculatorAPI\CalculatorAPI.csproj", "{B152D6F1-A192-42F6-ABAE-3210E0F20650}"
EndProject
Project("{FAE04EC0-301F-11D3-BF4B-00C04F79EFBC}") = "Calculator.Domain", "Calculator.Domain\Calculator.Domain.csproj", "{6F5F026B-E4C5-4CA3-B19C-B43C53D1042B}"
EndProject
Project("{FAE04EC0-301F-11D3-BF4B-00C04F79EFBC}") = "Calculator.Test", "Calculator.Test\Calculator.Test.csproj", "{7DC8B94F-1748-4B32-A81A-F51CBFD99BE1}"
EndProject
Global
	GlobalSection(SolutionConfigurationPlatforms) = preSolution
		Debug|Any CPU = Debug|Any CPU
		Release|Any CPU = Release|Any CPU
	EndGlobalSection
	GlobalSection(ProjectConfigurationPlatforms) = postSolution
		{B152D6F1-A192-42F6-ABAE-3210E0F20650}.Debug|Any CPU.ActiveCfg = Debug|Any CPU
		{B152D6F1-A192-42F6-ABAE-3210E0F20650}.Debug|Any CPU.Build.0 = Debug|Any CPU
		{B152D6F1-A192-42F6-ABAE-3210E0F20650}.Release|Any CPU.ActiveCfg = Release|Any CPU
		{B152D6F1-A192-42F6-ABAE-3210E0F20650}.Release|Any CPU.Build.0 = Release|Any CPU
		{6F5F026B-E4C5-4CA3-B19C-B43C53D1042B}.Debug|Any CPU.ActiveCfg = Debug|Any CPU
		{6F5F026B-E4C5-4CA3-B19C-B43C53D1042B}.Debug|Any CPU.Build.0 = Debug|Any CPU
		{6F5F026B-E4C5-4CA3-B19C-B43C53D1042B}.Release|Any CPU.ActiveCfg = Release|Any CPU
		{6F5F026B-E4C5-4CA3-B19C-B43C53D1042B}.Release|Any CPU.Build.0 = Release|Any CPU
		{7DC8B94F-1748-4B32-A81A-F51CBFD99BE1}.Debug|Any CPU.ActiveCfg = Debug|Any CPU
		{7DC8B94F-1748-4B32-A81A-F51CBFD99BE1}.Debug|Any CPU.Build.0 = Debug|Any CPU
		{7DC8B94F-1748-4B32-A81A-F51CBFD99BE1}.Release|Any CPU.ActiveCfg = Release|Any CPU
		{7DC8B94F-1748-4B32-A81A-F51CBFD99BE1}.Release|Any CPU.Build.0 = Release|Any CPU
	EndGlobalSection
	GlobalSection(SolutionProperties) = preSolution
		HideSolutionNode = FALSE
	EndGlobalSection
	GlobalSection(ExtensibilityGlobals) = postSolution
		SolutionGuid = {0289707F-11F6-4838-B22E-EDCD339D221F}
	EndGlobalSection
EndGlobal
